
Microsoft Visual Studio Solution File, Format Version 12.00
Project("{FAE04EC0-301F-11D3-BF4B-00C04F79EFBC}") = "Web", "Web\Web.csproj", "{7425F09E-D12B-4D8F-91AF-21F87E3C36C4}"
EndProject
Project("{2150E333-8FDC-42A3-9474-1A3956D46DE8}") = "Core", "Core", "{86E68CF3-4DB4-43C4-8529-DF2CABC8C940}"
EndProject
Project("{2150E333-8FDC-42A3-9474-1A3956D46DE8}") = "Infrastructure", "Infrastructure", "{B9C4710A-9D6B-48A5-B9B3-33C73DDB310C}"
EndProject
Project("{FAE04EC0-301F-11D3-BF4B-00C04F79EFBC}") = "Contracts", "Contracts\Contracts.csproj", "{A4EB78CF-97D3-468B-BB5B-AD19ED05D387}"
EndProject
Project("{FAE04EC0-301F-11D3-BF4B-00C04F79EFBC}") = "Domain", "Domain\Domain.csproj", "{CECBA467-0FF9-4A4A-9C23-2F8D14B79275}"
EndProject
Project("{FAE04EC0-301F-11D3-BF4B-00C04F79EFBC}") = "Services", "Services\Services.csproj", "{EFE6E067-CE3F-4EA2-AB56-4D8ACA72C825}"
EndProject
Project("{FAE04EC0-301F-11D3-BF4B-00C04F79EFBC}") = "Services.Abstractions", "Services.Abstractions\Services.Abstractions.csproj", "{512E6C62-8E19-455F-801D-BDCEBE8AC544}"
EndProject
Global
	GlobalSection(SolutionConfigurationPlatforms) = preSolution
		Debug|Any CPU = Debug|Any CPU
		Release|Any CPU = Release|Any CPU
	EndGlobalSection
	GlobalSection(ProjectConfigurationPlatforms) = postSolution
		{7425F09E-D12B-4D8F-91AF-21F87E3C36C4}.Debug|Any CPU.ActiveCfg = Debug|Any CPU
		{7425F09E-D12B-4D8F-91AF-21F87E3C36C4}.Debug|Any CPU.Build.0 = Debug|Any CPU
		{7425F09E-D12B-4D8F-91AF-21F87E3C36C4}.Release|Any CPU.ActiveCfg = Release|Any CPU
		{7425F09E-D12B-4D8F-91AF-21F87E3C36C4}.Release|Any CPU.Build.0 = Release|Any CPU
		{A4EB78CF-97D3-468B-BB5B-AD19ED05D387}.Debug|Any CPU.ActiveCfg = Debug|Any CPU
		{A4EB78CF-97D3-468B-BB5B-AD19ED05D387}.Debug|Any CPU.Build.0 = Debug|Any CPU
		{A4EB78CF-97D3-468B-BB5B-AD19ED05D387}.Release|Any CPU.ActiveCfg = Release|Any CPU
		{A4EB78CF-97D3-468B-BB5B-AD19ED05D387}.Release|Any CPU.Build.0 = Release|Any CPU
		{CECBA467-0FF9-4A4A-9C23-2F8D14B79275}.Debug|Any CPU.ActiveCfg = Debug|Any CPU
		{CECBA467-0FF9-4A4A-9C23-2F8D14B79275}.Debug|Any CPU.Build.0 = Debug|Any CPU
		{CECBA467-0FF9-4A4A-9C23-2F8D14B79275}.Release|Any CPU.ActiveCfg = Release|Any CPU
		{CECBA467-0FF9-4A4A-9C23-2F8D14B79275}.Release|Any CPU.Build.0 = Release|Any CPU
		{EFE6E067-CE3F-4EA2-AB56-4D8ACA72C825}.Debug|Any CPU.ActiveCfg = Debug|Any CPU
		{EFE6E067-CE3F-4EA2-AB56-4D8ACA72C825}.Debug|Any CPU.Build.0 = Debug|Any CPU
		{EFE6E067-CE3F-4EA2-AB56-4D8ACA72C825}.Release|Any CPU.ActiveCfg = Release|Any CPU
		{EFE6E067-CE3F-4EA2-AB56-4D8ACA72C825}.Release|Any CPU.Build.0 = Release|Any CPU
		{512E6C62-8E19-455F-801D-BDCEBE8AC544}.Debug|Any CPU.ActiveCfg = Debug|Any CPU
		{512E6C62-8E19-455F-801D-BDCEBE8AC544}.Debug|Any CPU.Build.0 = Debug|Any CPU
		{512E6C62-8E19-455F-801D-BDCEBE8AC544}.Release|Any CPU.ActiveCfg = Release|Any CPU
		{512E6C62-8E19-455F-801D-BDCEBE8AC544}.Release|Any CPU.Build.0 = Release|Any CPU
	EndGlobalSection
	GlobalSection(NestedProjects) = preSolution
		{A4EB78CF-97D3-468B-BB5B-AD19ED05D387} = {86E68CF3-4DB4-43C4-8529-DF2CABC8C940}
		{CECBA467-0FF9-4A4A-9C23-2F8D14B79275} = {86E68CF3-4DB4-43C4-8529-DF2CABC8C940}
		{EFE6E067-CE3F-4EA2-AB56-4D8ACA72C825} = {86E68CF3-4DB4-43C4-8529-DF2CABC8C940}
		{512E6C62-8E19-455F-801D-BDCEBE8AC544} = {86E68CF3-4DB4-43C4-8529-DF2CABC8C940}
	EndGlobalSection
EndGlobal
